Microsoft Visual Studio Solution File, Format Version 12.00
# Visual Studio Version 17
VisualStudioVersion = 17.5.2.0
MinimumVisualStudioVersion = 10.0.40219.1
Project("{FAE04EC0-301F-11D3-BF4B-00C04F79EFBC}") = "helloapp-black", "helloapp-black.csproj", "{03E3851C-60A8-C11C-7E0E-51AF900DA005}"
EndProject
Global
	GlobalSection(SolutionConfigurationPlatforms) = preSolution
		Debug|Any CPU = Debug|Any CPU
		Release|Any CPU = Release|Any CPU
	EndGlobalSection
	GlobalSection(ProjectConfigurationPlatforms) = postSolution
		{03E3851C-60A8-C11C-7E0E-51AF900DA005}.Debug|Any CPU.ActiveCfg = Debug|Any CPU
		{03E3851C-60A8-C11C-7E0E-51AF900DA005}.Debug|Any CPU.Build.0 = Debug|Any CPU
		{03E3851C-60A8-C11C-7E0E-51AF900DA005}.Release|Any CPU.ActiveCfg = Release|Any CPU
		{03E3851C-60A8-C11C-7E0E-51AF900DA005}.Release|Any CPU.Build.0 = Release|Any CPU
	EndGlobalSection
	GlobalSection(SolutionProperties) = preSolution
		HideSolutionNode = FALSE
	EndGlobalSection
	GlobalSection(ExtensibilityGlobals) = postSolution
		SolutionGuid = {1C7300F7-054E-43F8-9077-FCCE0CCE712E}
	EndGlobalSection
EndGlobal
